
Microsoft Visual Studio Solution File, Format Version 12.00
# Visual Studio Version 17
VisualStudioVersion = 17.2.32630.192
MinimumVisualStudioVersion = 10.0.40219.1
Project("{FAE04EC0-301F-11D3-BF4B-00C04F79EFBC}") = "AutoAtendimento_Hospitais", "AutoAtendimento_Hospitais\AutoAtendimento_Hospitais.csproj", "{9EEFB9FB-37D7-443F-81C7-7AFEC71FFCDB}"
EndProject
Global
	GlobalSection(SolutionConfigurationPlatforms) = preSolution
		Debug|Any CPU = Debug|Any CPU
		Release|Any CPU = Release|Any CPU
	EndGlobalSection
	GlobalSection(ProjectConfigurationPlatforms) = postSolution
		{9EEFB9FB-37D7-443F-81C7-7AFEC71FFCDB}.Debug|Any CPU.ActiveCfg = Debug|Any CPU
		{9EEFB9FB-37D7-443F-81C7-7AFEC71FFCDB}.Debug|Any CPU.Build.0 = Debug|Any CPU
		{9EEFB9FB-37D7-443F-81C7-7AFEC71FFCDB}.Release|Any CPU.ActiveCfg = Release|Any CPU
		{9EEFB9FB-37D7-443F-81C7-7AFEC71FFCDB}.Release|Any CPU.Build.0 = Release|Any CPU
	EndGlobalSection
	GlobalSection(SolutionProperties) = preSolution
		HideSolutionNode = FALSE
	EndGlobalSection
	GlobalSection(ExtensibilityGlobals) = postSolution
		SolutionGuid = {C3E8E7B2-AFC9-4DDA-AD41-B20FBCCA4714}
	EndGlobalSection
EndGlobal
